
Microsoft Visual Studio Solution File, Format Version 12.00
# Visual Studio 15
VisualStudioVersion = 15.0.28307.1209
MinimumVisualStudioVersion = 10.0.40219.1
Project("{FAE04EC0-301F-11D3-BF4B-00C04F79EFBC}") = "DapperOrmProject02", "DapperOrmProject02\DapperOrmProject02.csproj", "{607836F8-A0C0-477F-9040-A002A0FAE823}"
EndProject
Project("{FAE04EC0-301F-11D3-BF4B-00C04F79EFBC}") = "DapperOrmProject", "..\DapperOrmProject\DapperOrmProject\DapperOrmProject.csproj", "{DA12213B-C430-4F11-A2F2-0738CECA689C}"
EndProject
Global
	GlobalSection(SolutionConfigurationPlatforms) = preSolution
		Debug|Any CPU = Debug|Any CPU
		Release|Any CPU = Release|Any CPU
	EndGlobalSection
	GlobalSection(ProjectConfigurationPlatforms) = postSolution
		{607836F8-A0C0-477F-9040-A002A0FAE823}.Debug|Any CPU.ActiveCfg = Debug|Any CPU
		{607836F8-A0C0-477F-9040-A002A0FAE823}.Debug|Any CPU.Build.0 = Debug|Any CPU
		{607836F8-A0C0-477F-9040-A002A0FAE823}.Release|Any CPU.ActiveCfg = Release|Any CPU
		{607836F8-A0C0-477F-9040-A002A0FAE823}.Release|Any CPU.Build.0 = Release|Any CPU
		{DA12213B-C430-4F11-A2F2-0738CECA689C}.Debug|Any CPU.ActiveCfg = Debug|Any CPU
		{DA12213B-C430-4F11-A2F2-0738CECA689C}.Debug|Any CPU.Build.0 = Debug|Any CPU
		{DA12213B-C430-4F11-A2F2-0738CECA689C}.Release|Any CPU.ActiveCfg = Release|Any CPU
		{DA12213B-C430-4F11-A2F2-0738CECA689C}.Release|Any CPU.Build.0 = Release|Any CPU
	EndGlobalSection
	GlobalSection(SolutionProperties) = preSolution
		HideSolutionNode = FALSE
	EndGlobalSection
	GlobalSection(ExtensibilityGlobals) = postSolution
		SolutionGuid = {DD64565D-57FF-42B8-B2B8-CC6EF439F606}
	EndGlobalSection
EndGlobal
